
Microsoft Visual Studio Solution File, Format Version 12.00
# Visual Studio Version 16
VisualStudioVersion = 16.0.30804.86
MinimumVisualStudioVersion = 10.0.40219.1
Project("{FAE04EC0-301F-11D3-BF4B-00C04F79EFBC}") = "GameApp", "GameApp\GameApp.csproj", "{704FACFF-A051-452C-9804-1A7A30254AFB}"
EndProject
Global
	GlobalSection(SolutionConfigurationPlatforms) = preSolution
		Debug|Any CPU = Debug|Any CPU
		Release|Any CPU = Release|Any CPU
	EndGlobalSection
	GlobalSection(ProjectConfigurationPlatforms) = postSolution
		{704FACFF-A051-452C-9804-1A7A30254AFB}.Debug|Any CPU.ActiveCfg = Debug|Any CPU
		{704FACFF-A051-452C-9804-1A7A30254AFB}.Debug|Any CPU.Build.0 = Debug|Any CPU
		{704FACFF-A051-452C-9804-1A7A30254AFB}.Release|Any CPU.ActiveCfg = Release|Any CPU
		{704FACFF-A051-452C-9804-1A7A30254AFB}.Release|Any CPU.Build.0 = Release|Any CPU
	EndGlobalSection
	GlobalSection(SolutionProperties) = preSolution
		HideSolutionNode = FALSE
	EndGlobalSection
	GlobalSection(ExtensibilityGlobals) = postSolution
		SolutionGuid = {032A6A33-EB9C-41E1-A9EF-906F96C1008D}
	EndGlobalSection
EndGlobal
